// !$*UTF8*$!
{
	archiveVersion = 1;
	classes = {
	};
	objectVersion = 50;
	objects = {

/* Begin PBXBuildFile section */
		8BE5DE90217F5F35008AAE16 /* AppDelegate.swift in Sources */ = {isa = PBXBuildFile; fileRef = 8BE5DE8F217F5F35008AAE16 /* AppDelegate.swift */; };
		8BE5DE92217F5F35008AAE16 /* ViewController.swift in Sources */ = {isa = PBXBuildFile; fileRef = 8BE5DE91217F5F35008AAE16 /* ViewController.swift */; };
		8BE5DE95217F5F35008AAE16 /* Main.storyboard in Resources */ = {isa = PBXBuildFile; fileRef = 8BE5DE93217F5F35008AAE16 /* Main.storyboard */; };
		8BE5DE97217F5F41008AAE16 /* Assets.xcassets in Resources */ = {isa = PBXBuildFile; fileRef = 8BE5DE96217F5F41008AAE16 /* Assets.xcassets */; };
		8BE5DE9A217F5F41008AAE16 /* LaunchScreen.storyboard in Resources */ = {isa = PBXBuildFile; fileRef = 8BE5DE98217F5F41008AAE16 /* LaunchScreen.storyboard */; };
/* End PBXBuildFile section */

/* Begin PBXFileReference section */
		8BE5DE8C217F5F35008AAE16 /* RyanAlgorithm.app */ = {isa = PBXFileReference; explicitFileType = wrapper.application; includeInIndex = 0; path = RyanAlgorithm.app; sourceTree = BUILT_PRODUCTS_DIR; };
		8BE5DE8F217F5F35008AAE16 /* AppDelegate.swift */ = {isa = PBXFileReference; lastKnownFileType = sourcecode.swift; path = AppDelegate.swift; sourceTree = "<group>"; };
		8BE5DE91217F5F35008AAE16 /* ViewController.swift */ = {isa = PBXFileReference; lastKnownFileType = sourcecode.swift; path = ViewController.swift; sourceTree = "<group>"; };
		8BE5DE94217F5F35008AAE16 /* Base */ = {isa = PBXFileReference; lastKnownFileType = file.storyboard; name = Base; path = Base.lproj/Main.storyboard; sourceTree = "<group>"; };
		8BE5DE96217F5F41008AAE16 /* Assets.xcassets */ = {isa = PBXFileReference; lastKnownFileType = folder.assetcatalog; path = Assets.xcassets; sourceTree = "<group>"; };
		8BE5DE99217F5F41008AAE16 /* Base */ = {isa = PBXFileReference; lastKnownFileType = file.storyboard; name = Base; path = Base.lproj/LaunchScreen.storyboard; sourceTree = "<group>"; };
		8BE5DE9B217F5F41008AAE16 /* Info.plist */ = {isa = PBXFileReference; lastKnownFileType = text.plist.xml; path = Info.plist; sourceTree = "<group>"; };
/* End PBXFileReference section */

/* Begin PBXFrameworksBuildPhase section */
		8BE5DE89217F5F35008AAE16 /* Frameworks */ = {
			isa = PBXFrameworksBuildPhase;
			buildActionMask = 2147483647;
			files = (
			);
			runOnlyForDeploymentPostprocessing = 0;
		};
/* End PBXFrameworksBuildPhase section */

/* Begin PBXGroup section */
		8BE5DE83217F5F35008AAE16 = {
			isa = PBXGroup;
			children = (
				8BE5DE8E217F5F35008AAE16 /* RyanAlgorithm */,
				8BE5DE8D217F5F35008AAE16 /* Products */,
			);
			sourceTree = "<group>";
		};
		8BE5DE8D217F5F35008AAE16 /* Products */ = {
			isa = PBXGroup;
			children = (
				8BE5DE8C217F5F35008AAE16 /* RyanAlgorithm.app */,
			);
			name = Products;
			sourceTree = "<group>";
		};
		8BE5DE8E217F5F35008AAE16 /* RyanAlgorithm */ = {
			isa = PBXGroup;
			children = (
				8BE5DEA4217F5F91008AAE16 /* Model */,
				8BE5DEA1217F5F58008AAE16 /* Resources */,
				8BE5DEA2217F5F65008AAE16 /* Controller */,
				8BE5DEA3217F5F75008AAE16 /* View */,
			);
			path = RyanAlgorithm;
			sourceTree = "<group>";
		};
		8BE5DEA1217F5F58008AAE16 /* Resources */ = {
			isa = PBXGroup;
			children = (
				8BE5DE8F217F5F35008AAE16 /* AppDelegate.swift */,
				8BE5DE96217F5F41008AAE16 /* Assets.xcassets */,
				8BE5DE9B217F5F41008AAE16 /* Info.plist */,
			);
			path = Resources;
			sourceTree = "<group>";
		};
		8BE5DEA2217F5F65008AAE16 /* Controller */ = {
			isa = PBXGroup;
			children = (
				8BE5DE91217F5F35008AAE16 /* ViewController.swift */,
			);
			path = Controller;
			sourceTree = "<group>";
		};
		8BE5DEA3217F5F75008AAE16 /* View */ = {
			isa = PBXGroup;
			children = (
				8BE5DE93217F5F35008AAE16 /* Main.storyboard */,
				8BE5DE98217F5F41008AAE16 /* LaunchScreen.storyboard */,
			);
			path = View;
			sourceTree = "<group>";
		};
		8BE5DEA4217F5F91008AAE16 /* Model */ = {
			isa = PBXGroup;
			children = (
			);
			path = Model;
			sourceTree = "<group>";
		};
/* End PBXGroup section */

/* Begin PBXNativeTarget section */
		8BE5DE8B217F5F35008AAE16 /* RyanAlgorithm */ = {
			isa = PBXNativeTarget;
			buildConfigurationList = 8BE5DE9E217F5F41008AAE16 /* Build configuration list for PBXNativeTarget "RyanAlgorithm" */;
			buildPhases = (
				8BE5DE88217F5F35008AAE16 /* Sources */,
				8BE5DE89217F5F35008AAE16 /* Frameworks */,
				8BE5DE8A217F5F35008AAE16 /* Resources */,
			);
			buildRules = (
			);
			dependencies = (
			);
			name = RyanAlgorithm;
			productName = RyanAlgorithm;
			productReference = 8BE5DE8C217F5F35008AAE16 /* RyanAlgorithm.app */;
			productType = "com.apple.product-type.application";
		};
/* End PBXNativeTarget section */

/* Begin PBXProject section */
		8BE5DE84217F5F35008AAE16 /* Project object */ = {
			isa = PBXProject;
			attributes = {
				LastSwiftUpdateCheck = 0940;
				LastUpgradeCheck = 0940;
				ORGANIZATIONNAME = CTEC;
				TargetAttributes = {
					8BE5DE8B217F5F35008AAE16 = {
						CreatedOnToolsVersion = 9.4.1;
					};
				};
			};
			buildConfigurationList = 8BE5DE87217F5F35008AAE16 /* Build configuration list for PBXProject "RyanAlgorithm" */;
			compatibilityVersion = "Xcode 9.3";
			developmentRegion = en;
			hasScannedForEncodings = 0;
			knownRegions = (
				en,
				Base,
			);
			mainGroup = 8BE5DE83217F5F35008AAE16;
			productRefGroup = 8BE5DE8D217F5F35008AAE16 /* Products */;
			projectDirPath = "";
			projectRoot = "";
			targets = (
				8BE5DE8B217F5F35008AAE16 /* RyanAlgorithm */,
			);
		};
/* End PBXProject section */

/* Begin PBXResourcesBuildPhase section */
		8BE5DE8A217F5F35008AAE16 /* Resources */ = {
			isa = PBXResourcesBuildPhase;
			buildActionMask = 2147483647;
			files = (
				8BE5DE9A217F5F41008AAE16 /* LaunchScreen.storyboard in Resources */,
				8BE5DE97217F5F41008AAE16 /* Assets.xcassets in Resources */,
				8BE5DE95217F5F35008AAE16 /* Main.storyboard in Resources */,
			);
			runOnlyForDeploymentPostprocessing = 0;
		};
/* End PBXResourcesBuildPhase section */

/* Begin PBXSourcesBuildPhase section */
		8BE5DE88217F5F35008AAE16 /* Sources */ = {
			isa = PBXSourcesBuildPhase;
			buildActionMask = 2147483647;
			files = (
				8BE5DE92217F5F35008AAE16 /* ViewController.swift in Sources */,
				8BE5DE90217F5F35008AAE16 /* AppDelegate.swift in Sources */,
			);
			runOnlyForDeploymentPostprocessing = 0;
		};
/* End PBXSourcesBuildPhase section */

/* Begin PBXVariantGroup section */
		8BE5DE93217F5F35008AAE16 /* Main.storyboard */ = {
			isa = PBXVariantGroup;
			children = (
				8BE5DE94217F5F35008AAE16 /* Base */,
			);
			name = Main.storyboard;
			sourceTree = "<group>";
		};
		8BE5DE98217F5F41008AAE16 /* LaunchScreen.storyboard */ = {
			isa = PBXVariantGroup;
			children = (
				8BE5DE99217F5F41008AAE16 /* Base */,
			);
			name = LaunchScreen.storyboard;
			sourceTree = "<group>";
		};
/* End PBXVariantGroup section */

/* Begin XCBuildConfiguration section */
		8BE5DE9C217F5F41008AAE16 /* Debug */ = {
			isa = XCBuildConfiguration;
			buildSettings = {
				ALWAYS_SEARCH_USER_PATHS = NO;
				CLANG_ANALYZER_NONNULL = YES;
				CLANG_ANALYZER_NUMBER_OBJECT_CONVERSION = YES_AGGRESSIVE;
				CLANG_CXX_LANGUAGE_STANDARD = "gnu++14";
				CLANG_CXX_LIBRARY = "libc++";
				CLANG_ENABLE_MODULES = YES;
				CLANG_ENABLE_OBJC_ARC = YES;
				CLANG_ENABLE_OBJC_WEAK = YES;
				CLANG_WARN_BLOCK_CAPTURE_AUTORELEASING = YES;
				CLANG_WARN_BOOL_CONVERSION = YES;
				CLANG_WARN_COMMA = YES;
				CLANG_WARN_CONSTANT_CONVERSION = YES;
				CLANG_WARN_DEPRECATED_OBJC_IMPLEMENTATIONS = YES;
				CLANG_WARN_DIRECT_OBJC_ISA_USAGE = YES_ERROR;
				CLANG_WARN_DOCUMENTATION_COMMENTS = YES;
				CLANG_WARN_EMPTY_BODY = YES;
				CLANG_WARN_ENUM_CONVERSION = YES;
				CLANG_WARN_INFINITE_RECURSION = YES;
				CLANG_WARN_INT_CONVERSION = YES;
				CLANG_WARN_NON_LITERAL_NULL_CONVERSION = YES;
				CLANG_WARN_OBJC_IMPLICIT_RETAIN_SELF = YES;
				CLANG_WARN_OBJC_LITERAL_CONVERSION = YES;
				CLANG_WARN_OBJC_ROOT_CLASS = YES_ERROR;
				CLANG_WARN_RANGE_LOOP_ANALYSIS = YES;
				CLANG_WARN_STRICT_PROTOTYPES = YES;
				CLANG_WARN_SUSPICIOUS_MOVE = YES;
				CLANG_WARN_UNGUARDED_AVAILABILITY = YES_AGGRESSIVE;
				CLANG_WARN_UNREACHABLE_CODE = YES;
				CLANG_WARN__DUPLICATE_METHOD_MATCH = YES;
				CODE_SIGN_IDENTITY = "iPhone Developer";
				COPY_PHASE_STRIP = NO;
				DEBUG_INFORMATION_FORMAT = dwarf;
				ENABLE_STRICT_OBJC_MSGSEND = YES;
				ENABLE_TESTABILITY = YES;
				GCC_C_LANGUAGE_STANDARD = gnu11;
				GCC_DYNAMIC_NO_PIC = NO;
				GCC_NO_COMMON_BLOCKS = YES;
				GCC_OPTIMIZATION_LEVEL = 0;
				GCC_PREPROCESSOR_DEFINITIONS = (
					"DEBUG=1",
					"$(inherited)",
				);
				GCC_WARN_64_TO_32_BIT_CONVERSION = YES;
				GCC_WARN_ABOUT_RETURN_TYPE = YES_ERROR;
				GCC_WARN_UNDECLARED_SELECTOR = YES;
				GCC_WARN_UNINITIALIZED_AUTOS = YES_AGGRESSIVE;
				GCC_WARN_UNUSED_FUNCTION = YES;
				GCC_WARN_UNUSED_VARIABLE = YES;
				IPHONEOS_DEPLOYMENT_TARGET = 11.4;
				MTL_ENABLE_DEBUG_INFO = YES;
				ONLY_ACTIVE_ARCH = YES;
				SDKROOT = iphoneos;
				SWIFT_ACTIVE_COMPILATION_CONDITIONS = DEBUG;
				SWIFT_OPTIMIZATION_LEVEL = "-Onone";
			};
			name = Debug;
		};
		8BE5DE9D217F5F41008AAE16 /* Release */ = {
			isa = XCBuildConfiguration;
			buildSettings = {
				ALWAYS_SEARCH_USER_PATHS = NO;
				CLANG_ANALYZER_NONNULL = YES;
				CLANG_ANALYZER_NUMBER_OBJECT_CONVERSION = YES_AGGRESSIVE;
				CLANG_CXX_LANGUAGE_STANDARD = "gnu++14";
				CLANG_CXX_LIBRARY = "libc++";
				CLANG_ENABLE_MODULES = YES;
				CLANG_ENABLE_OBJC_ARC = YES;
				CLANG_ENABLE_OBJC_WEAK = YES;
				CLANG_WARN_BLOCK_CAPTURE_AUTORELEASING = YES;
				CLANG_WARN_BOOL_CONVERSION = YES;
				CLANG_WARN_COMMA = YES;
				CLANG_WARN_CONSTANT_CONVERSION = YES;
				CLANG_WARN_DEPRECATED_OBJC_IMPLEMENTATIONS = YES;
				CLANG_WARN_DIRECT_OBJC_ISA_USAGE = YES_ERROR;
				CLANG_WARN_DOCUMENTATION_COMMENTS = YES;
				CLANG_WARN_EMPTY_BODY = YES;
				CLANG_WARN_ENUM_CONVERSION = YES;
				CLANG_WARN_INFINITE_RECURSION = YES;
				CLANG_WARN_INT_CONVERSION = YES;
				CLANG_WARN_NON_LITERAL_NULL_CONVERSION = YES;
				CLANG_WARN_OBJC_IMPLICIT_RETAIN_SELF = YES;
				CLANG_WARN_OBJC_LITERAL_CONVERSION = YES;
				CLANG_WARN_OBJC_ROOT_CLASS = YES_ERROR;
				CLANG_WARN_RANGE_LOOP_ANALYSIS = YES;
				CLANG_WARN_STRICT_PROTOTYPES = YES;
				CLANG_WARN_SUSPICIOUS_MOVE = YES;
				CLANG_WARN_UNGUARDED_AVAILABILITY = YES_AGGRESSIVE;
				CLANG_WARN_UNREACHABLE_CODE = YES;
				CLANG_WARN__DUPLICATE_METHOD_MATCH = YES;
				CODE_SIGN_IDENTITY = "iPhone Developer";
				COPY_PHASE_STRIP = NO;
				DEBUG_INFORMATION_FORMAT = "dwarf-with-dsym";
				ENABLE_NS_ASSERTIONS = NO;
				ENABLE_STRICT_OBJC_MSGSEND = YES;
				GCC_C_LANGUAGE_STANDARD = gnu11;
				GCC_NO_COMMON_BLOCKS = YES;
				GCC_WARN_64_TO_32_BIT_CONVERSION = YES;
				GCC_WARN_ABOUT_RETURN_TYPE = YES_ERROR;
				GCC_WARN_UNDECLARED_SELECTOR = YES;
				GCC_WARN_UNINITIALIZED_AUTOS = YES_AGGRESSIVE;
				GCC_WARN_UNUSED_FUNCTION = YES;
				GCC_WARN_UNUSED_VARIABLE = YES;
				IPHONEOS_DEPLOYMENT_TARGET = 11.4;
				MTL_ENABLE_DEBUG_INFO = NO;
				SDKROOT = iphoneos;
				SWIFT_COMPILATION_MODE = wholemodule;
				SWIFT_OPTIMIZATION_LEVEL = "-O";
				VALIDATE_PRODUCT = YES;
			};
			name = Release;
		};
		8BE5DE9F217F5F41008AAE16 /* Debug */ = {
			isa = XCBuildConfiguration;
			buildSettings = {
				ASSETCATALOG_COMPILER_APPICON_NAME = AppIcon;
				CODE_SIGN_STYLE = Automatic;
				INFOPLIST_FILE = "$(SRCROOT)/RyanAlgorithm/Resources/Info.plist";
				LD_RUNPATH_SEARCH_PATHS = (
					"$(inherited)",
					"@executable_path/Frameworks",
				);
				PRODUCT_BUNDLE_IDENTIFIER = CTEC.RyanAlgorithm;
				PRODUCT_NAME = "$(TARGET_NAME)";
				SWIFT_VERSION = 4.0;
				TARGETED_DEVICE_FAMILY = "1,2";
			};
			name = Debug;
		};
		8BE5DEA0217F5F41008AAE16 /* Release */ = {
			isa = XCBuildConfiguration;
			buildSettings = {
				ASSETCATALOG_COMPILER_APPICON_NAME = AppIcon;
				CODE_SIGN_STYLE = Automatic;
				INFOPLIST_FILE = "$(SRCROOT)/RyanAlgorithm/Resources/Info.plist";
				LD_RUNPATH_SEARCH_PATHS = (
					"$(inherited)",
					"@executable_path/Frameworks",
				);
				PRODUCT_BUNDLE_IDENTIFIER = CTEC.RyanAlgorithm;
				PRODUCT_NAME = "$(TARGET_NAME)";
				SWIFT_VERSION = 4.0;
				TARGETED_DEVICE_FAMILY = "1,2";
			};
			name = Release;
		};
/* End XCBuildConfiguration section */

/* Begin XCConfigurationList section */
		8BE5DE87217F5F35008AAE16 /* Build configuration list for PBXProject "RyanAlgorithm" */ = {
			isa = XCConfigurationList;
			buildConfigurations = (
				8BE5DE9C217F5F41008AAE16 /* Debug */,
				8BE5DE9D217F5F41008AAE16 /* Release */,
			);
			defaultConfigurationIsVisible = 0;
			defaultConfigurationName = Release;
		};
		8BE5DE9E217F5F41008AAE16 /* Build configuration list for PBXNativeTarget "RyanAlgorithm" */ = {
			isa = XCConfigurationList;
			buildConfigurations = (
				8BE5DE9F217F5F41008AAE16 /* Debug */,
				8BE5DEA0217F5F41008AAE16 /* Release */,
			);
			defaultConfigurationIsVisible = 0;
			defaultConfigurationName = Release;
		};
/* End XCConfigurationList section */
	};
	rootObject = 8BE5DE84217F5F35008AAE16 /* Project object */;
}
